// !$*UTF8*$!
{
	archiveVersion = 1;
	classes = {
	};
	objectVersion = 48;
	objects = {

/* Begin PBXBuildFile section */
		C40797B3206DE791004B3EBE /* AppDelegate.m in Sources */ = {isa = PBXBuildFile; fileRef = C40797B2206DE791004B3EBE /* AppDelegate.m */; };
		C40797B6206DE791004B3EBE /* ViewController.m in Sources */ = {isa = PBXBuildFile; fileRef = C40797B5206DE791004B3EBE /* ViewController.m */; };
		C40797B9206DE791004B3EBE /* Main.storyboard in Resources */ = {isa = PBXBuildFile; fileRef = C40797B7206DE791004B3EBE /* Main.storyboard */; };
		C40797BB206DE791004B3EBE /* Assets.xcassets in Resources */ = {isa = PBXBuildFile; fileRef = C40797BA206DE791004B3EBE /* Assets.xcassets */; };
		C40797BE206DE791004B3EBE /* LaunchScreen.storyboard in Resources */ = {isa = PBXBuildFile; fileRef = C40797BC206DE791004B3EBE /* LaunchScreen.storyboard */; };
		C40797C1206DE791004B3EBE /* main.m in Sources */ = {isa = PBXBuildFile; fileRef = C40797C0206DE791004B3EBE /* main.m */; };
		C40797CB206DE791004B3EBE /* MainProjectTests.m in Sources */ = {isa = PBXBuildFile; fileRef = C40797CA206DE791004B3EBE /* MainProjectTests.m */; };
		C40797D6206DE792004B3EBE /* MainProjectUITests.m in Sources */ = {isa = PBXBuildFile; fileRef = C40797D5206DE792004B3EBE /* MainProjectUITests.m */; };
/* End PBXBuildFile section */

/* Begin PBXContainerItemProxy section */
		C40797C7206DE791004B3EBE /* PBXContainerItemProxy */ = {
			isa = PBXContainerItemProxy;
			containerPortal = C40797A6206DE791004B3EBE /* Project object */;
			proxyType = 1;
			remoteGlobalIDString = C40797AD206DE791004B3EBE;
			remoteInfo = MainProject;
		};
		C40797D2206DE792004B3EBE /* PBXContainerItemProxy */ = {
			isa = PBXContainerItemProxy;
			containerPortal = C40797A6206DE791004B3EBE /* Project object */;
			proxyType = 1;
			remoteGlobalIDString = C40797AD206DE791004B3EBE;
			remoteInfo = MainProject;
		};
/* End PBXContainerItemProxy section */

/* Begin PBXFileReference section */
		C40797AE206DE791004B3EBE /* MainProject.app */ = {isa = PBXFileReference; explicitFileType = wrapper.application; includeInIndex = 0; path = MainProject.app; sourceTree = BUILT_PRODUCTS_DIR; };
		C40797B1206DE791004B3EBE /* AppDelegate.h */ = {isa = PBXFileReference; lastKnownFileType = sourcecode.c.h; path = AppDelegate.h; sourceTree = "<group>"; };
		C40797B2206DE791004B3EBE /* AppDelegate.m */ = {isa = PBXFileReference; lastKnownFileType = sourcecode.c.objc; path = AppDelegate.m; sourceTree = "<group>"; };
		C40797B4206DE791004B3EBE /* ViewController.h */ = {isa = PBXFileReference; lastKnownFileType = sourcecode.c.h; path = ViewController.h; sourceTree = "<group>"; };
		C40797B5206DE791004B3EBE /* ViewController.m */ = {isa = PBXFileReference; lastKnownFileType = sourcecode.c.objc; path = ViewController.m; sourceTree = "<group>"; };
		C40797B8206DE791004B3EBE /* Base */ = {isa = PBXFileReference; lastKnownFileType = file.storyboard; name = Base; path = Base.lproj/Main.storyboard; sourceTree = "<group>"; };
		C40797BA206DE791004B3EBE /* Assets.xcassets */ = {isa = PBXFileReference; lastKnownFileType = folder.assetcatalog; path = Assets.xcassets; sourceTree = "<group>"; };
		C40797BD206DE791004B3EBE /* Base */ = {isa = PBXFileReference; lastKnownFileType = file.storyboard; name = Base; path = Base.lproj/LaunchScreen.storyboard; sourceTree = "<group>"; };
		C40797BF206DE791004B3EBE /* Info.plist */ = {isa = PBXFileReference; lastKnownFileType = text.plist.xml; path = Info.plist; sourceTree = "<group>"; };
		C40797C0206DE791004B3EBE /* main.m */ = {isa = PBXFileReference; lastKnownFileType = sourcecode.c.objc; path = main.m; sourceTree = "<group>"; };
		C40797C6206DE791004B3EBE /* MainProjectTests.xctest */ = {isa = PBXFileReference; explicitFileType = wrapper.cfbundle; includeInIndex = 0; path = MainProjectTests.xctest; sourceTree = BUILT_PRODUCTS_DIR; };
		C40797CA206DE791004B3EBE /* MainProjectTests.m */ = {isa = PBXFileReference; lastKnownFileType = sourcecode.c.objc; path = MainProjectTests.m; sourceTree = "<group>"; };
		C40797CC206DE791004B3EBE /* Info.plist */ = {isa = PBXFileReference; lastKnownFileType = text.plist.xml; path = Info.plist; sourceTree = "<group>"; };
		C40797D1206DE792004B3EBE /* MainProjectUITests.xctest */ = {isa = PBXFileReference; explicitFileType = wrapper.cfbundle; includeInIndex = 0; path = MainProjectUITests.xctest; sourceTree = BUILT_PRODUCTS_DIR; };
		C40797D5206DE792004B3EBE /* MainProjectUITests.m */ = {isa = PBXFileReference; lastKnownFileType = sourcecode.c.objc; path = MainProjectUITests.m; sourceTree = "<group>"; };
		C40797D7206DE792004B3EBE /* Info.plist */ = {isa = PBXFileReference; lastKnownFileType = text.plist.xml; path = Info.plist; sourceTree = "<group>"; };
/* End PBXFileReference section */

/* Begin PBXFrameworksBuildPhase section */
		C40797AB206DE791004B3EBE /* Frameworks */ = {
			isa = PBXFrameworksBuildPhase;
			buildActionMask = 2147483647;
			files = (
			);
			runOnlyForDeploymentPostprocessing = 0;
		};
		C40797C3206DE791004B3EBE /* Frameworks */ = {
			isa = PBXFrameworksBuildPhase;
			buildActionMask = 2147483647;
			files = (
			);
			runOnlyForDeploymentPostprocessing = 0;
		};
		C40797CE206DE792004B3EBE /* Frameworks */ = {
			isa = PBXFrameworksBuildPhase;
			buildActionMask = 2147483647;
			files = (
			);
			runOnlyForDeploymentPostprocessing = 0;
		};
/* End PBXFrameworksBuildPhase section */

/* Begin PBXGroup section */
		C40797A5206DE791004B3EBE = {
			isa = PBXGroup;
			children = (
				C40797E3206DE8ED004B3EBE /* BDMediator */,
				C40797B0206DE791004B3EBE /* MainProject */,
				C40797C9206DE791004B3EBE /* MainProjectTests */,
				C40797D4206DE792004B3EBE /* MainProjectUITests */,
				C40797AF206DE791004B3EBE /* Products */,
			);
			sourceTree = "<group>";
		};
		C40797AF206DE791004B3EBE /* Products */ = {
			isa = PBXGroup;
			children = (
				C40797AE206DE791004B3EBE /* MainProject.app */,
				C40797C6206DE791004B3EBE /* MainProjectTests.xctest */,
				C40797D1206DE792004B3EBE /* MainProjectUITests.xctest */,
			);
			name = Products;
			sourceTree = "<group>";
		};
		C40797B0206DE791004B3EBE /* MainProject */ = {
			isa = PBXGroup;
			children = (
				C40797B1206DE791004B3EBE /* AppDelegate.h */,
				C40797B2206DE791004B3EBE /* AppDelegate.m */,
				C40797B4206DE791004B3EBE /* ViewController.h */,
				C40797B5206DE791004B3EBE /* ViewController.m */,
				C40797B7206DE791004B3EBE /* Main.storyboard */,
				C40797BA206DE791004B3EBE /* Assets.xcassets */,
				C40797BC206DE791004B3EBE /* LaunchScreen.storyboard */,
				C40797BF206DE791004B3EBE /* Info.plist */,
				C40797C0206DE791004B3EBE /* main.m */,
			);
			path = MainProject;
			sourceTree = "<group>";
		};
		C40797C9206DE791004B3EBE /* MainProjectTests */ = {
			isa = PBXGroup;
			children = (
				C40797CA206DE791004B3EBE /* MainProjectTests.m */,
				C40797CC206DE791004B3EBE /* Info.plist */,
			);
			path = MainProjectTests;
			sourceTree = "<group>";
		};
		C40797D4206DE792004B3EBE /* MainProjectUITests */ = {
			isa = PBXGroup;
			children = (
				C40797D5206DE792004B3EBE /* MainProjectUITests.m */,
				C40797D7206DE792004B3EBE /* Info.plist */,
			);
			path = MainProjectUITests;
			sourceTree = "<group>";
		};
		C40797E3206DE8ED004B3EBE /* BDMediator */ = {
			isa = PBXGroup;
			children = (
			);
			path = BDMediator;
			sourceTree = "<group>";
		};
/* End PBXGroup section */

/* Begin PBXNativeTarget section */
		C40797AD206DE791004B3EBE /* MainProject */ = {
			isa = PBXNativeTarget;
			buildConfigurationList = C40797DA206DE792004B3EBE /* Build configuration list for PBXNativeTarget "MainProject" */;
			buildPhases = (
				C40797AA206DE791004B3EBE /* Sources */,
				C40797AB206DE791004B3EBE /* Frameworks */,
				C40797AC206DE791004B3EBE /* Resources */,
			);
			buildRules = (
			);
			dependencies = (
			);
			name = MainProject;
			productName = MainProject;
			productReference = C40797AE206DE791004B3EBE /* MainProject.app */;
			productType = "com.apple.product-type.application";
		};
		C40797C5206DE791004B3EBE /* MainProjectTests */ = {
			isa = PBXNativeTarget;
			buildConfigurationList = C40797DD206DE792004B3EBE /* Build configuration list for PBXNativeTarget "MainProjectTests" */;
			buildPhases = (
				C40797C2206DE791004B3EBE /* Sources */,
				C40797C3206DE791004B3EBE /* Frameworks */,
				C40797C4206DE791004B3EBE /* Resources */,
			);
			buildRules = (
			);
			dependencies = (
				C40797C8206DE791004B3EBE /* PBXTargetDependency */,
			);
			name = MainProjectTests;
			productName = MainProjectTests;
			productReference = C40797C6206DE791004B3EBE /* MainProjectTests.xctest */;
			productType = "com.apple.product-type.bundle.unit-test";
		};
		C40797D0206DE792004B3EBE /* MainProjectUITests */ = {
			isa = PBXNativeTarget;
			buildConfigurationList = C40797E0206DE792004B3EBE /* Build configuration list for PBXNativeTarget "MainProjectUITests" */;
			buildPhases = (
				C40797CD206DE792004B3EBE /* Sources */,
				C40797CE206DE792004B3EBE /* Frameworks */,
				C40797CF206DE792004B3EBE /* Resources */,
			);
			buildRules = (
			);
			dependencies = (
				C40797D3206DE792004B3EBE /* PBXTargetDependency */,
			);
			name = MainProjectUITests;
			productName = MainProjectUITests;
			productReference = C40797D1206DE792004B3EBE /* MainProjectUITests.xctest */;
			productType = "com.apple.product-type.bundle.ui-testing";
		};
/* End PBXNativeTarget section */

/* Begin PBXProject section */
		C40797A6206DE791004B3EBE /* Project object */ = {
			isa = PBXProject;
			attributes = {
				LastUpgradeCheck = 0920;
				ORGANIZATIONNAME = jiamengqiang;
				TargetAttributes = {
					C40797AD206DE791004B3EBE = {
						CreatedOnToolsVersion = 9.2;
						ProvisioningStyle = Automatic;
					};
					C40797C5206DE791004B3EBE = {
						CreatedOnToolsVersion = 9.2;
						ProvisioningStyle = Automatic;
						TestTargetID = C40797AD206DE791004B3EBE;
					};
					C40797D0206DE792004B3EBE = {
						CreatedOnToolsVersion = 9.2;
						ProvisioningStyle = Automatic;
						TestTargetID = C40797AD206DE791004B3EBE;
					};
				};
			};
			buildConfigurationList = C40797A9206DE791004B3EBE /* Build configuration list for PBXProject "MainProject" */;
			compatibilityVersion = "Xcode 8.0";
			developmentRegion = en;
			hasScannedForEncodings = 0;
			knownRegions = (
				en,
				Base,
			);
			mainGroup = C40797A5206DE791004B3EBE;
			productRefGroup = C40797AF206DE791004B3EBE /* Products */;
			projectDirPath = "";
			projectRoot = "";
			targets = (
				C40797AD206DE791004B3EBE /* MainProject */,
				C40797C5206DE791004B3EBE /* MainProjectTests */,
				C40797D0206DE792004B3EBE /* MainProjectUITests */,
			);
		};
/* End PBXProject section */

/* Begin PBXResourcesBuildPhase section */
		C40797AC206DE791004B3EBE /* Resources */ = {
			isa = PBXResourcesBuildPhase;
			buildActionMask = 2147483647;
			files = (
				C40797BE206DE791004B3EBE /* LaunchScreen.storyboard in Resources */,
				C40797BB206DE791004B3EBE /* Assets.xcassets in Resources */,
				C40797B9206DE791004B3EBE /* Main.storyboard in Resources */,
			);
			runOnlyForDeploymentPostprocessing = 0;
		};
		C40797C4206DE791004B3EBE /* Resources */ = {
			isa = PBXResourcesBuildPhase;
			buildActionMask = 2147483647;
			files = (
			);
			runOnlyForDeploymentPostprocessing = 0;
		};
		C40797CF206DE792004B3EBE /* Resources */ = {
			isa = PBXResourcesBuildPhase;
			buildActionMask = 2147483647;
			files = (
			);
			runOnlyForDeploymentPostprocessing = 0;
		};
/* End PBXResourcesBuildPhase section */

/* Begin PBXSourcesBuildPhase section */
		C40797AA206DE791004B3EBE /* Sources */ = {
			isa = PBXSourcesBuildPhase;
			buildActionMask = 2147483647;
			files = (
				C40797B6206DE791004B3EBE /* ViewController.m in Sources */,
				C40797C1206DE791004B3EBE /* main.m in Sources */,
				C40797B3206DE791004B3EBE /* AppDelegate.m in Sources */,
			);
			runOnlyForDeploymentPostprocessing = 0;
		};
		C40797C2206DE791004B3EBE /* Sources */ = {
			isa = PBXSourcesBuildPhase;
			buildActionMask = 2147483647;
			files = (
				C40797CB206DE791004B3EBE /* MainProjectTests.m in Sources */,
			);
			runOnlyForDeploymentPostprocessing = 0;
		};
		C40797CD206DE792004B3EBE /* Sources */ = {
			isa = PBXSourcesBuildPhase;
			buildActionMask = 2147483647;
			files = (
				C40797D6206DE792004B3EBE /* MainProjectUITests.m in Sources */,
			);
			runOnlyForDeploymentPostprocessing = 0;
		};
/* End PBXSourcesBuildPhase section */

/* Begin PBXTargetDependency section */
		C40797C8206DE791004B3EBE /* PBXTargetDependency */ = {
			isa = PBXTargetDependency;
			target = C40797AD206DE791004B3EBE /* MainProject */;
			targetProxy = C40797C7206DE791004B3EBE /* PBXContainerItemProxy */;
		};
		C40797D3206DE792004B3EBE /* PBXTargetDependency */ = {
			isa = PBXTargetDependency;
			target = C40797AD206DE791004B3EBE /* MainProject */;
			targetProxy = C40797D2206DE792004B3EBE /* PBXContainerItemProxy */;
		};
/* End PBXTargetDependency section */

/* Begin PBXVariantGroup section */
		C40797B7206DE791004B3EBE /* Main.storyboard */ = {
			isa = PBXVariantGroup;
			children = (
				C40797B8206DE791004B3EBE /* Base */,
			);
			name = Main.storyboard;
			sourceTree = "<group>";
		};
		C40797BC206DE791004B3EBE /* LaunchScreen.storyboard */ = {
			isa = PBXVariantGroup;
			children = (
				C40797BD206DE791004B3EBE /* Base */,
			);
			name = LaunchScreen.storyboard;
			sourceTree = "<group>";
		};
/* End PBXVariantGroup section */

/* Begin XCBuildConfiguration section */
		C40797D8206DE792004B3EBE /* Debug */ = {
			isa = XCBuildConfiguration;
			buildSettings = {
				ALWAYS_SEARCH_USER_PATHS = NO;
				CLANG_ANALYZER_NONNULL = YES;
				CLANG_ANALYZER_NUMBER_OBJECT_CONVERSION = YES_AGGRESSIVE;
				CLANG_CXX_LANGUAGE_STANDARD = "gnu++14";
				CLANG_CXX_LIBRARY = "libc++";
				CLANG_ENABLE_MODULES = YES;
				CLANG_ENABLE_OBJC_ARC = YES;
				CLANG_WARN_BLOCK_CAPTURE_AUTORELEASING = YES;
				CLANG_WARN_BOOL_CONVERSION = YES;
				CLANG_WARN_COMMA = YES;
				CLANG_WARN_CONSTANT_CONVERSION = YES;
				CLANG_WARN_DIRECT_OBJC_ISA_USAGE = YES_ERROR;
				CLANG_WARN_DOCUMENTATION_COMMENTS = YES;
				CLANG_WARN_EMPTY_BODY = YES;
				CLANG_WARN_ENUM_CONVERSION = YES;
				CLANG_WARN_INFINITE_RECURSION = YES;
				CLANG_WARN_INT_CONVERSION = YES;
				CLANG_WARN_NON_LITERAL_NULL_CONVERSION = YES;
				CLANG_WARN_OBJC_LITERAL_CONVERSION = YES;
				CLANG_WARN_OBJC_ROOT_CLASS = YES_ERROR;
				CLANG_WARN_RANGE_LOOP_ANALYSIS = YES;
				CLANG_WARN_STRICT_PROTOTYPES = YES;
				CLANG_WARN_SUSPICIOUS_MOVE = YES;
				CLANG_WARN_UNGUARDED_AVAILABILITY = YES_AGGRESSIVE;
				CLANG_WARN_UNREACHABLE_CODE = YES;
				CLANG_WARN__DUPLICATE_METHOD_MATCH = YES;
				CODE_SIGN_IDENTITY = "iPhone Developer";
				COPY_PHASE_STRIP = NO;
				DEBUG_INFORMATION_FORMAT = dwarf;
				ENABLE_STRICT_OBJC_MSGSEND = YES;
				ENABLE_TESTABILITY = YES;
				GCC_C_LANGUAGE_STANDARD = gnu11;
				GCC_DYNAMIC_NO_PIC = NO;
				GCC_NO_COMMON_BLOCKS = YES;
				GCC_OPTIMIZATION_LEVEL = 0;
				GCC_PREPROCESSOR_DEFINITIONS = (
					"DEBUG=1",
					"$(inherited)",
				);
				GCC_WARN_64_TO_32_BIT_CONVERSION = YES;
				GCC_WARN_ABOUT_RETURN_TYPE = YES_ERROR;
				GCC_WARN_UNDECLARED_SELECTOR = YES;
				GCC_WARN_UNINITIALIZED_AUTOS = YES_AGGRESSIVE;
				GCC_WARN_UNUSED_FUNCTION = YES;
				GCC_WARN_UNUSED_VARIABLE = YES;
				IPHONEOS_DEPLOYMENT_TARGET = 11.2;
				MTL_ENABLE_DEBUG_INFO = YES;
				ONLY_ACTIVE_ARCH = YES;
				SDKROOT = iphoneos;
			};
			name = Debug;
		};
		C40797D9206DE792004B3EBE /* Release */ = {
			isa = XCBuildConfiguration;
			buildSettings = {
				ALWAYS_SEARCH_USER_PATHS = NO;
				CLANG_ANALYZER_NONNULL = YES;
				CLANG_ANALYZER_NUMBER_OBJECT_CONVERSION = YES_AGGRESSIVE;
				CLANG_CXX_LANGUAGE_STANDARD = "gnu++14";
				CLANG_CXX_LIBRARY = "libc++";
				CLANG_ENABLE_MODULES = YES;
				CLANG_ENABLE_OBJC_ARC = YES;
				CLANG_WARN_BLOCK_CAPTURE_AUTORELEASING = YES;
				CLANG_WARN_BOOL_CONVERSION = YES;
				CLANG_WARN_COMMA = YES;
				CLANG_WARN_CONSTANT_CONVERSION = YES;
				CLANG_WARN_DIRECT_OBJC_ISA_USAGE = YES_ERROR;
				CLANG_WARN_DOCUMENTATION_COMMENTS = YES;
				CLANG_WARN_EMPTY_BODY = YES;
				CLANG_WARN_ENUM_CONVERSION = YES;
				CLANG_WARN_INFINITE_RECURSION = YES;
				CLANG_WARN_INT_CONVERSION = YES;
				CLANG_WARN_NON_LITERAL_NULL_CONVERSION = YES;
				CLANG_WARN_OBJC_LITERAL_CONVERSION = YES;
				CLANG_WARN_OBJC_ROOT_CLASS = YES_ERROR;
				CLANG_WARN_RANGE_LOOP_ANALYSIS = YES;
				CLANG_WARN_STRICT_PROTOTYPES = YES;
				CLANG_WARN_SUSPICIOUS_MOVE = YES;
				CLANG_WARN_UNGUARDED_AVAILABILITY = YES_AGGRESSIVE;
				CLANG_WARN_UNREACHABLE_CODE = YES;
				CLANG_WARN__DUPLICATE_METHOD_MATCH = YES;
				CODE_SIGN_IDENTITY = "iPhone Developer";
				COPY_PHASE_STRIP = NO;
				DEBUG_INFORMATION_FORMAT = "dwarf-with-dsym";
				ENABLE_NS_ASSERTIONS = NO;
				ENABLE_STRICT_OBJC_MSGSEND = YES;
				GCC_C_LANGUAGE_STANDARD = gnu11;
				GCC_NO_COMMON_BLOCKS = YES;
				GCC_WARN_64_TO_32_BIT_CONVERSION = YES;
				GCC_WARN_ABOUT_RETURN_TYPE = YES_ERROR;
				GCC_WARN_UNDECLARED_SELECTOR = YES;
				GCC_WARN_UNINITIALIZED_AUTOS = YES_AGGRESSIVE;
				GCC_WARN_UNUSED_FUNCTION = YES;
				GCC_WARN_UNUSED_VARIABLE = YES;
				IPHONEOS_DEPLOYMENT_TARGET = 11.2;
				MTL_ENABLE_DEBUG_INFO = NO;
				SDKROOT = iphoneos;
				VALIDATE_PRODUCT = YES;
			};
			name = Release;
		};
		C40797DB206DE792004B3EBE /* Debug */ = {
			isa = XCBuildConfiguration;
			buildSettings = {
				ASSETCATALOG_COMPILER_APPICON_NAME = AppIcon;
				CODE_SIGN_STYLE = Automatic;
				DEVELOPMENT_TEAM = SHGWTKR457;
				INFOPLIST_FILE = MainProject/Info.plist;
				LD_RUNPATH_SEARCH_PATHS = "$(inherited) @executable_path/Frameworks";
				PRODUCT_BUNDLE_IDENTIFIER = com.jia.MainProject;
				PRODUCT_NAME = "$(TARGET_NAME)";
				TARGETED_DEVICE_FAMILY = "1,2";
			};
			name = Debug;
		};
		C40797DC206DE792004B3EBE /* Release */ = {
			isa = XCBuildConfiguration;
			buildSettings = {
				ASSETCATALOG_COMPILER_APPICON_NAME = AppIcon;
				CODE_SIGN_STYLE = Automatic;
				DEVELOPMENT_TEAM = SHGWTKR457;
				INFOPLIST_FILE = MainProject/Info.plist;
				LD_RUNPATH_SEARCH_PATHS = "$(inherited) @executable_path/Frameworks";
				PRODUCT_BUNDLE_IDENTIFIER = com.jia.MainProject;
				PRODUCT_NAME = "$(TARGET_NAME)";
				TARGETED_DEVICE_FAMILY = "1,2";
			};
			name = Release;
		};
		C40797DE206DE792004B3EBE /* Debug */ = {
			isa = XCBuildConfiguration;
			buildSettings = {
				BUNDLE_LOADER = "$(TEST_HOST)";
				CODE_SIGN_STYLE = Automatic;
				DEVELOPMENT_TEAM = SHGWTKR457;
				INFOPLIST_FILE = MainProjectTests/Info.plist;
				LD_RUNPATH_SEARCH_PATHS = "$(inherited) @executable_path/Frameworks @loader_path/Frameworks";
				PRODUCT_BUNDLE_IDENTIFIER = com.jia.MainProjectTests;
				PRODUCT_NAME = "$(TARGET_NAME)";
				TARGETED_DEVICE_FAMILY = "1,2";
				TEST_HOST = "$(BUILT_PRODUCTS_DIR)/MainProject.app/MainProject";
			};
			name = Debug;
		};
		C40797DF206DE792004B3EBE /* Release */ = {
			isa = XCBuildConfiguration;
			buildSettings = {
				BUNDLE_LOADER = "$(TEST_HOST)";
				CODE_SIGN_STYLE = Automatic;
				DEVELOPMENT_TEAM = SHGWTKR457;
				INFOPLIST_FILE = MainProjectTests/Info.plist;
				LD_RUNPATH_SEARCH_PATHS = "$(inherited) @executable_path/Frameworks @loader_path/Frameworks";
				PRODUCT_BUNDLE_IDENTIFIER = com.jia.MainProjectTests;
				PRODUCT_NAME = "$(TARGET_NAME)";
				TARGETED_DEVICE_FAMILY = "1,2";
				TEST_HOST = "$(BUILT_PRODUCTS_DIR)/MainProject.app/MainProject";
			};
			name = Release;
		};
		C40797E1206DE792004B3EBE /* Debug */ = {
			isa = XCBuildConfiguration;
			buildSettings = {
				CODE_SIGN_STYLE = Automatic;
				DEVELOPMENT_TEAM = SHGWTKR457;
				INFOPLIST_FILE = MainProjectUITests/Info.plist;
				LD_RUNPATH_SEARCH_PATHS = "$(inherited) @executable_path/Frameworks @loader_path/Frameworks";
				PRODUCT_BUNDLE_IDENTIFIER = com.jia.MainProjectUITests;
				PRODUCT_NAME = "$(TARGET_NAME)";
				TARGETED_DEVICE_FAMILY = "1,2";
				TEST_TARGET_NAME = MainProject;
			};
			name = Debug;
		};
		C40797E2206DE792004B3EBE /* Release */ = {
			isa = XCBuildConfiguration;
			buildSettings = {
				CODE_SIGN_STYLE = Automatic;
				DEVELOPMENT_TEAM = SHGWTKR457;
				INFOPLIST_FILE = MainProjectUITests/Info.plist;
				LD_RUNPATH_SEARCH_PATHS = "$(inherited) @executable_path/Frameworks @loader_path/Frameworks";
				PRODUCT_BUNDLE_IDENTIFIER = com.jia.MainProjectUITests;
				PRODUCT_NAME = "$(TARGET_NAME)";
				TARGETED_DEVICE_FAMILY = "1,2";
				TEST_TARGET_NAME = MainProject;
			};
			name = Release;
		};
/* End XCBuildConfiguration section */

/* Begin XCConfigurationList section */
		C40797A9206DE791004B3EBE /* Build configuration list for PBXProject "MainProject" */ = {
			isa = XCConfigurationList;
			buildConfigurations = (
				C40797D8206DE792004B3EBE /* Debug */,
				C40797D9206DE792004B3EBE /* Release */,
			);
			defaultConfigurationIsVisible = 0;
			defaultConfigurationName = Release;
		};
		C40797DA206DE792004B3EBE /* Build configuration list for PBXNativeTarget "MainProject" */ = {
			isa = XCConfigurationList;
			buildConfigurations = (
				C40797DB206DE792004B3EBE /* Debug */,
				C40797DC206DE792004B3EBE /* Release */,
			);
			defaultConfigurationIsVisible = 0;
			defaultConfigurationName = Release;
		};
		C40797DD206DE792004B3EBE /* Build configuration list for PBXNativeTarget "MainProjectTests" */ = {
			isa = XCConfigurationList;
			buildConfigurations = (
				C40797DE206DE792004B3EBE /* Debug */,
				C40797DF206DE792004B3EBE /* Release */,
			);
			defaultConfigurationIsVisible = 0;
			defaultConfigurationName = Release;
		};
		C40797E0206DE792004B3EBE /* Build configuration list for PBXNativeTarget "MainProjectUITests" */ = {
			isa = XCConfigurationList;
			buildConfigurations = (
				C40797E1206DE792004B3EBE /* Debug */,
				C40797E2206DE792004B3EBE /* Release */,
			);
			defaultConfigurationIsVisible = 0;
			defaultConfigurationName = Release;
		};
/* End XCConfigurationList section */
	};
	rootObject = C40797A6206DE791004B3EBE /* Project object */;
}
